// !$*UTF8*$!
{
	archiveVersion = 1;
	classes = {
	};
	objectVersion = 56;
	objects = {

/* Begin PBXBuildFile section */
		CF070F2B2C2CE4AB0008D66B /* HabitApp.swift in Sources */ = {isa = PBXBuildFile; fileRef = CF070F2A2C2CE4AB0008D66B /* HabitApp.swift */; };
		CF070F2F2C2CE4AC0008D66B /* Assets.xcassets in Resources */ = {isa = PBXBuildFile; fileRef = CF070F2E2C2CE4AC0008D66B /* Assets.xcassets */; };
		CF070F322C2CE4AC0008D66B /* Preview Assets.xcassets in Resources */ = {isa = PBXBuildFile; fileRef = CF070F312C2CE4AC0008D66B /* Preview Assets.xcassets */; };
		CF070F3C2C2CE57E0008D66B /* SplashView.swift in Sources */ = {isa = PBXBuildFile; fileRef = CF070F3B2C2CE57E0008D66B /* SplashView.swift */; };
		CF070F3E2C2CE7240008D66B /* SplashUiState.swift in Sources */ = {isa = PBXBuildFile; fileRef = CF070F3D2C2CE7240008D66B /* SplashUiState.swift */; };
		CF070F412C2CF5590008D66B /* SplashViewModel.swift in Sources */ = {isa = PBXBuildFile; fileRef = CF070F402C2CF5590008D66B /* SplashViewModel.swift */; };
		CF070F472C2DEF8F0008D66B /* SignInView.swift in Sources */ = {isa = PBXBuildFile; fileRef = CF070F462C2DEF8F0008D66B /* SignInView.swift */; };
		CF070F492C2DEFBC0008D66B /* SignInViewModel.swift in Sources */ = {isa = PBXBuildFile; fileRef = CF070F482C2DEFBC0008D66B /* SignInViewModel.swift */; };
		CF070F4B2C2DF0CD0008D66B /* SplashViewRouter.swift in Sources */ = {isa = PBXBuildFile; fileRef = CF070F4A2C2DF0CD0008D66B /* SplashViewRouter.swift */; };
		CF070F4D2C2E0C530008D66B /* SignInUiState.swift in Sources */ = {isa = PBXBuildFile; fileRef = CF070F4C2C2E0C530008D66B /* SignInUiState.swift */; };
		CF070F4F2C2E11160008D66B /* SignInViewRouter.swift in Sources */ = {isa = PBXBuildFile; fileRef = CF070F4E2C2E11160008D66B /* SignInViewRouter.swift */; };
		CF070F552C2E119B0008D66B /* HomeView.swift in Sources */ = {isa = PBXBuildFile; fileRef = CF070F542C2E119B0008D66B /* HomeView.swift */; };
		CF070F572C2E11A70008D66B /* HomeViewModel.swift in Sources */ = {isa = PBXBuildFile; fileRef = CF070F562C2E11A70008D66B /* HomeViewModel.swift */; };
		CF070F5C2C2E19400008D66B /* SignUpView.swift in Sources */ = {isa = PBXBuildFile; fileRef = CF070F5B2C2E19400008D66B /* SignUpView.swift */; };
		CF070F622C2F2F500008D66B /* Gender.swift in Sources */ = {isa = PBXBuildFile; fileRef = CF070F612C2F2F500008D66B /* Gender.swift */; };
		CF070F642C2F34A30008D66B /* SignUpUiState.swift in Sources */ = {isa = PBXBuildFile; fileRef = CF070F632C2F34A30008D66B /* SignUpUiState.swift */; };
		CF070F662C2F35170008D66B /* SignUpViewModel.swift in Sources */ = {isa = PBXBuildFile; fileRef = CF070F652C2F35170008D66B /* SignUpViewModel.swift */; };
		CF070F682C2F35BB0008D66B /* SignUpViewRouter.swift in Sources */ = {isa = PBXBuildFile; fileRef = CF070F672C2F35BB0008D66B /* SignUpViewRouter.swift */; };
		CF070F6B2C2F5ADD0008D66B /* EditTextView.swift in Sources */ = {isa = PBXBuildFile; fileRef = CF070F6A2C2F5ADD0008D66B /* EditTextView.swift */; };
		CF070F6F2C2F642A0008D66B /* CustomTextField.swift in Sources */ = {isa = PBXBuildFile; fileRef = CF070F6E2C2F642A0008D66B /* CustomTextField.swift */; };
		CF070F722C2F68680008D66B /* String+Extension.swift in Sources */ = {isa = PBXBuildFile; fileRef = CF070F712C2F68680008D66B /* String+Extension.swift */; };
		CF070F742C2F6BBF0008D66B /* LoadingButtonView.swift in Sources */ = {isa = PBXBuildFile; fileRef = CF070F732C2F6BBF0008D66B /* LoadingButtonView.swift */; };
		CF070F922C30ADFF0008D66B /* WebService.swift in Sources */ = {isa = PBXBuildFile; fileRef = CF070F912C30ADFF0008D66B /* WebService.swift */; };
		CF4387F22C31CCFC00D3DBE8 /* SignUpRequest.swift in Sources */ = {isa = PBXBuildFile; fileRef = CF4387F12C31CCFC00D3DBE8 /* SignUpRequest.swift */; };
		CF4387F42C31DACD00D3DBE8 /* SignUpResponse.swift in Sources */ = {isa = PBXBuildFile; fileRef = CF4387F32C31DACD00D3DBE8 /* SignUpResponse.swift */; };
		CF4387F62C31DD9700D3DBE8 /* ErrorResponse.swift in Sources */ = {isa = PBXBuildFile; fileRef = CF4387F52C31DD9700D3DBE8 /* ErrorResponse.swift */; };
		CF4387F82C31EA0F00D3DBE8 /* SignInRequest.swift in Sources */ = {isa = PBXBuildFile; fileRef = CF4387F72C31EA0F00D3DBE8 /* SignInRequest.swift */; };
		CF4387FA2C31EAFB00D3DBE8 /* SignInResponse.swift in Sources */ = {isa = PBXBuildFile; fileRef = CF4387F92C31EAFB00D3DBE8 /* SignInResponse.swift */; };
		CF4387FC2C31F41600D3DBE8 /* SignInError.swift in Sources */ = {isa = PBXBuildFile; fileRef = CF4387FB2C31F41600D3DBE8 /* SignInError.swift */; };
/* End PBXBuildFile section */

/* Begin PBXFileReference section */
		CF070F272C2CE4AB0008D66B /* Habit.app */ = {isa = PBXFileReference; explicitFileType = wrapper.application; includeInIndex = 0; path = Habit.app; sourceTree = BUILT_PRODUCTS_DIR; };
		CF070F2A2C2CE4AB0008D66B /* HabitApp.swift */ = {isa = PBXFileReference; lastKnownFileType = sourcecode.swift; path = HabitApp.swift; sourceTree = "<group>"; };
		CF070F2E2C2CE4AC0008D66B /* Assets.xcassets */ = {isa = PBXFileReference; lastKnownFileType = folder.assetcatalog; path = Assets.xcassets; sourceTree = "<group>"; };
		CF070F312C2CE4AC0008D66B /* Preview Assets.xcassets */ = {isa = PBXFileReference; lastKnownFileType = folder.assetcatalog; path = "Preview Assets.xcassets"; sourceTree = "<group>"; };
		CF070F3B2C2CE57E0008D66B /* SplashView.swift */ = {isa = PBXFileReference; lastKnownFileType = sourcecode.swift; path = SplashView.swift; sourceTree = "<group>"; };
		CF070F3D2C2CE7240008D66B /* SplashUiState.swift */ = {isa = PBXFileReference; lastKnownFileType = sourcecode.swift; path = SplashUiState.swift; sourceTree = "<group>"; };
		CF070F402C2CF5590008D66B /* SplashViewModel.swift */ = {isa = PBXFileReference; lastKnownFileType = sourcecode.swift; path = SplashViewModel.swift; sourceTree = "<group>"; };
		CF070F462C2DEF8F0008D66B /* SignInView.swift */ = {isa = PBXFileReference; lastKnownFileType = sourcecode.swift; path = SignInView.swift; sourceTree = "<group>"; };
		CF070F482C2DEFBC0008D66B /* SignInViewModel.swift */ = {isa = PBXFileReference; lastKnownFileType = sourcecode.swift; path = SignInViewModel.swift; sourceTree = "<group>"; };
		CF070F4A2C2DF0CD0008D66B /* SplashViewRouter.swift */ = {isa = PBXFileReference; lastKnownFileType = sourcecode.swift; path = SplashViewRouter.swift; sourceTree = "<group>"; };
		CF070F4C2C2E0C530008D66B /* SignInUiState.swift */ = {isa = PBXFileReference; lastKnownFileType = sourcecode.swift; path = SignInUiState.swift; sourceTree = "<group>"; };
		CF070F4E2C2E11160008D66B /* SignInViewRouter.swift */ = {isa = PBXFileReference; lastKnownFileType = sourcecode.swift; path = SignInViewRouter.swift; sourceTree = "<group>"; };
		CF070F542C2E119B0008D66B /* HomeView.swift */ = {isa = PBXFileReference; lastKnownFileType = sourcecode.swift; path = HomeView.swift; sourceTree = "<group>"; };
		CF070F562C2E11A70008D66B /* HomeViewModel.swift */ = {isa = PBXFileReference; lastKnownFileType = sourcecode.swift; path = HomeViewModel.swift; sourceTree = "<group>"; };
		CF070F5B2C2E19400008D66B /* SignUpView.swift */ = {isa = PBXFileReference; lastKnownFileType = sourcecode.swift; path = SignUpView.swift; sourceTree = "<group>"; };
		CF070F612C2F2F500008D66B /* Gender.swift */ = {isa = PBXFileReference; lastKnownFileType = sourcecode.swift; path = Gender.swift; sourceTree = "<group>"; };
		CF070F632C2F34A30008D66B /* SignUpUiState.swift */ = {isa = PBXFileReference; lastKnownFileType = sourcecode.swift; path = SignUpUiState.swift; sourceTree = "<group>"; };
		CF070F652C2F35170008D66B /* SignUpViewModel.swift */ = {isa = PBXFileReference; lastKnownFileType = sourcecode.swift; path = SignUpViewModel.swift; sourceTree = "<group>"; };
		CF070F672C2F35BB0008D66B /* SignUpViewRouter.swift */ = {isa = PBXFileReference; lastKnownFileType = sourcecode.swift; path = SignUpViewRouter.swift; sourceTree = "<group>"; };
		CF070F6A2C2F5ADD0008D66B /* EditTextView.swift */ = {isa = PBXFileReference; lastKnownFileType = sourcecode.swift; path = EditTextView.swift; sourceTree = "<group>"; };
		CF070F6E2C2F642A0008D66B /* CustomTextField.swift */ = {isa = PBXFileReference; lastKnownFileType = sourcecode.swift; path = CustomTextField.swift; sourceTree = "<group>"; };
		CF070F712C2F68680008D66B /* String+Extension.swift */ = {isa = PBXFileReference; lastKnownFileType = sourcecode.swift; path = "String+Extension.swift"; sourceTree = "<group>"; };
		CF070F732C2F6BBF0008D66B /* LoadingButtonView.swift */ = {isa = PBXFileReference; lastKnownFileType = sourcecode.swift; path = LoadingButtonView.swift; sourceTree = "<group>"; };
		CF070F912C30ADFF0008D66B /* WebService.swift */ = {isa = PBXFileReference; lastKnownFileType = sourcecode.swift; path = WebService.swift; sourceTree = "<group>"; };
		CF4387F12C31CCFC00D3DBE8 /* SignUpRequest.swift */ = {isa = PBXFileReference; lastKnownFileType = sourcecode.swift; path = SignUpRequest.swift; sourceTree = "<group>"; };
		CF4387F32C31DACD00D3DBE8 /* SignUpResponse.swift */ = {isa = PBXFileReference; lastKnownFileType = sourcecode.swift; path = SignUpResponse.swift; sourceTree = "<group>"; };
		CF4387F52C31DD9700D3DBE8 /* ErrorResponse.swift */ = {isa = PBXFileReference; lastKnownFileType = sourcecode.swift; path = ErrorResponse.swift; sourceTree = "<group>"; };
		CF4387F72C31EA0F00D3DBE8 /* SignInRequest.swift */ = {isa = PBXFileReference; lastKnownFileType = sourcecode.swift; path = SignInRequest.swift; sourceTree = "<group>"; };
		CF4387F92C31EAFB00D3DBE8 /* SignInResponse.swift */ = {isa = PBXFileReference; lastKnownFileType = sourcecode.swift; path = SignInResponse.swift; sourceTree = "<group>"; };
		CF4387FB2C31F41600D3DBE8 /* SignInError.swift */ = {isa = PBXFileReference; lastKnownFileType = sourcecode.swift; path = SignInError.swift; sourceTree = "<group>"; };
/* End PBXFileReference section */

/* Begin PBXFrameworksBuildPhase section */
		CF070F242C2CE4AB0008D66B /* Frameworks */ = {
			isa = PBXFrameworksBuildPhase;
			buildActionMask = 2147483647;
			files = (
			);
			runOnlyForDeploymentPostprocessing = 0;
		};
/* End PBXFrameworksBuildPhase section */

/* Begin PBXGroup section */
		CF070F1E2C2CE4AB0008D66B = {
			isa = PBXGroup;
			children = (
				CF070F292C2CE4AB0008D66B /* Habit */,
				CF070F282C2CE4AB0008D66B /* Products */,
			);
			sourceTree = "<group>";
		};
		CF070F282C2CE4AB0008D66B /* Products */ = {
			isa = PBXGroup;
			children = (
				CF070F272C2CE4AB0008D66B /* Habit.app */,
			);
			name = Products;
			sourceTree = "<group>";
		};
		CF070F292C2CE4AB0008D66B /* Habit */ = {
			isa = PBXGroup;
			children = (
				CF070F5F2C2F2F3C0008D66B /* Common */,
				CF070F582C2E19160008D66B /* SignUp */,
				CF070F502C2E116D0008D66B /* Home */,
				CF070F422C2DEF360008D66B /* SignIn */,
				CF070F382C2CE5260008D66B /* Splash */,
				CF070F2A2C2CE4AB0008D66B /* HabitApp.swift */,
				CF070F2E2C2CE4AC0008D66B /* Assets.xcassets */,
				CF070F302C2CE4AC0008D66B /* Preview Content */,
			);
			path = Habit;
			sourceTree = "<group>";
		};
		CF070F302C2CE4AC0008D66B /* Preview Content */ = {
			isa = PBXGroup;
			children = (
				CF070F312C2CE4AC0008D66B /* Preview Assets.xcassets */,
			);
			path = "Preview Content";
			sourceTree = "<group>";
		};
		CF070F382C2CE5260008D66B /* Splash */ = {
			isa = PBXGroup;
			children = (
				CF070F3F2C2CF5180008D66B /* ViewModel */,
				CF070F3A2C2CE54C0008D66B /* Model */,
				CF070F392C2CE5390008D66B /* View */,
			);
			path = Splash;
			sourceTree = "<group>";
		};
		CF070F392C2CE5390008D66B /* View */ = {
			isa = PBXGroup;
			children = (
				CF070F3B2C2CE57E0008D66B /* SplashView.swift */,
			);
			path = View;
			sourceTree = "<group>";
		};
		CF070F3A2C2CE54C0008D66B /* Model */ = {
			isa = PBXGroup;
			children = (
				CF070F3D2C2CE7240008D66B /* SplashUiState.swift */,
			);
			path = Model;
			sourceTree = "<group>";
		};
		CF070F3F2C2CF5180008D66B /* ViewModel */ = {
			isa = PBXGroup;
			children = (
				CF070F402C2CF5590008D66B /* SplashViewModel.swift */,
				CF070F4A2C2DF0CD0008D66B /* SplashViewRouter.swift */,
			);
			path = ViewModel;
			sourceTree = "<group>";
		};
		CF070F422C2DEF360008D66B /* SignIn */ = {
			isa = PBXGroup;
			children = (
				CF070F452C2DEF550008D66B /* Model */,
				CF070F442C2DEF500008D66B /* View */,
				CF070F432C2DEF470008D66B /* ViewModel */,
			);
			path = SignIn;
			sourceTree = "<group>";
		};
		CF070F432C2DEF470008D66B /* ViewModel */ = {
			isa = PBXGroup;
			children = (
				CF070F482C2DEFBC0008D66B /* SignInViewModel.swift */,
				CF070F4E2C2E11160008D66B /* SignInViewRouter.swift */,
			);
			path = ViewModel;
			sourceTree = "<group>";
		};
		CF070F442C2DEF500008D66B /* View */ = {
			isa = PBXGroup;
			children = (
				CF070F462C2DEF8F0008D66B /* SignInView.swift */,
			);
			path = View;
			sourceTree = "<group>";
		};
		CF070F452C2DEF550008D66B /* Model */ = {
			isa = PBXGroup;
			children = (
				CF070F4C2C2E0C530008D66B /* SignInUiState.swift */,
				CF4387F72C31EA0F00D3DBE8 /* SignInRequest.swift */,
				CF4387F92C31EAFB00D3DBE8 /* SignInResponse.swift */,
				CF4387FB2C31F41600D3DBE8 /* SignInError.swift */,
			);
			path = Model;
			sourceTree = "<group>";
		};
		CF070F502C2E116D0008D66B /* Home */ = {
			isa = PBXGroup;
			children = (
				CF070F532C2E11810008D66B /* ViewModel */,
				CF070F522C2E117C0008D66B /* View */,
				CF070F512C2E11770008D66B /* Model */,
			);
			path = Home;
			sourceTree = "<group>";
		};
		CF070F512C2E11770008D66B /* Model */ = {
			isa = PBXGroup;
			children = (
			);
			path = Model;
			sourceTree = "<group>";
		};
		CF070F522C2E117C0008D66B /* View */ = {
			isa = PBXGroup;
			children = (
				CF070F542C2E119B0008D66B /* HomeView.swift */,
			);
			path = View;
			sourceTree = "<group>";
		};
		CF070F532C2E11810008D66B /* ViewModel */ = {
			isa = PBXGroup;
			children = (
				CF070F562C2E11A70008D66B /* HomeViewModel.swift */,
			);
			path = ViewModel;
			sourceTree = "<group>";
		};
		CF070F582C2E19160008D66B /* SignUp */ = {
			isa = PBXGroup;
			children = (
				CF070F5E2C2E19780008D66B /* ViewModel */,
				CF070F5D2C2E196D0008D66B /* Model */,
				CF070F5A2C2E19290008D66B /* View */,
			);
			path = SignUp;
			sourceTree = "<group>";
		};
		CF070F5A2C2E19290008D66B /* View */ = {
			isa = PBXGroup;
			children = (
				CF070F5B2C2E19400008D66B /* SignUpView.swift */,
			);
			path = View;
			sourceTree = "<group>";
		};
		CF070F5D2C2E196D0008D66B /* Model */ = {
			isa = PBXGroup;
			children = (
				CF070F632C2F34A30008D66B /* SignUpUiState.swift */,
				CF070F672C2F35BB0008D66B /* SignUpViewRouter.swift */,
				CF4387F12C31CCFC00D3DBE8 /* SignUpRequest.swift */,
				CF4387F32C31DACD00D3DBE8 /* SignUpResponse.swift */,
			);
			path = Model;
			sourceTree = "<group>";
		};
		CF070F5E2C2E19780008D66B /* ViewModel */ = {
			isa = PBXGroup;
			children = (
				CF070F652C2F35170008D66B /* SignUpViewModel.swift */,
			);
			path = ViewModel;
			sourceTree = "<group>";
		};
		CF070F5F2C2F2F3C0008D66B /* Common */ = {
			isa = PBXGroup;
			children = (
				CF070F8F2C30ADDC0008D66B /* Network */,
				CF070F702C2F68480008D66B /* Lang */,
				CF070F692C2F5ACD0008D66B /* View */,
				CF070F602C2F2F430008D66B /* Model */,
			);
			path = Common;
			sourceTree = "<group>";
		};
		CF070F602C2F2F430008D66B /* Model */ = {
			isa = PBXGroup;
			children = (
				CF070F612C2F2F500008D66B /* Gender.swift */,
				CF4387F52C31DD9700D3DBE8 /* ErrorResponse.swift */,
			);
			path = Model;
			sourceTree = "<group>";
		};
		CF070F692C2F5ACD0008D66B /* View */ = {
			isa = PBXGroup;
			children = (
				CF070F6D2C2F64060008D66B /* Style */,
				CF070F6A2C2F5ADD0008D66B /* EditTextView.swift */,
				CF070F732C2F6BBF0008D66B /* LoadingButtonView.swift */,
			);
			path = View;
			sourceTree = "<group>";
		};
		CF070F6D2C2F64060008D66B /* Style */ = {
			isa = PBXGroup;
			children = (
				CF070F6E2C2F642A0008D66B /* CustomTextField.swift */,
			);
			path = Style;
			sourceTree = "<group>";
		};
		CF070F702C2F68480008D66B /* Lang */ = {
			isa = PBXGroup;
			children = (
				CF070F712C2F68680008D66B /* String+Extension.swift */,
			);
			path = Lang;
			sourceTree = "<group>";
		};
		CF070F8F2C30ADDC0008D66B /* Network */ = {
			isa = PBXGroup;
			children = (
				CF070F912C30ADFF0008D66B /* WebService.swift */,
			);
			path = Network;
			sourceTree = "<group>";
		};
/* End PBXGroup section */

/* Begin PBXNativeTarget section */
		CF070F262C2CE4AB0008D66B /* Habit */ = {
			isa = PBXNativeTarget;
			buildConfigurationList = CF070F352C2CE4AC0008D66B /* Build configuration list for PBXNativeTarget "Habit" */;
			buildPhases = (
				CF070F232C2CE4AB0008D66B /* Sources */,
				CF070F242C2CE4AB0008D66B /* Frameworks */,
				CF070F252C2CE4AB0008D66B /* Resources */,
			);
			buildRules = (
			);
			dependencies = (
			);
			name = Habit;
			productName = Habit;
			productReference = CF070F272C2CE4AB0008D66B /* Habit.app */;
			productType = "com.apple.product-type.application";
		};
/* End PBXNativeTarget section */

/* Begin PBXProject section */
		CF070F1F2C2CE4AB0008D66B /* Project object */ = {
			isa = PBXProject;
			attributes = {
				BuildIndependentTargetsInParallel = 1;
				LastSwiftUpdateCheck = 1540;
				LastUpgradeCheck = 1540;
				TargetAttributes = {
					CF070F262C2CE4AB0008D66B = {
						CreatedOnToolsVersion = 15.4;
					};
				};
			};
			buildConfigurationList = CF070F222C2CE4AB0008D66B /* Build configuration list for PBXProject "Habit" */;
			compatibilityVersion = "Xcode 14.0";
			developmentRegion = en;
			hasScannedForEncodings = 0;
			knownRegions = (
				en,
				Base,
			);
			mainGroup = CF070F1E2C2CE4AB0008D66B;
			productRefGroup = CF070F282C2CE4AB0008D66B /* Products */;
			projectDirPath = "";
			projectRoot = "";
			targets = (
				CF070F262C2CE4AB0008D66B /* Habit */,
			);
		};
/* End PBXProject section */

/* Begin PBXResourcesBuildPhase section */
		CF070F252C2CE4AB0008D66B /* Resources */ = {
			isa = PBXResourcesBuildPhase;
			buildActionMask = 2147483647;
			files = (
				CF070F322C2CE4AC0008D66B /* Preview Assets.xcassets in Resources */,
				CF070F2F2C2CE4AC0008D66B /* Assets.xcassets in Resources */,
			);
			runOnlyForDeploymentPostprocessing = 0;
		};
/* End PBXResourcesBuildPhase section */

/* Begin PBXSourcesBuildPhase section */
		CF070F232C2CE4AB0008D66B /* Sources */ = {
			isa = PBXSourcesBuildPhase;
			buildActionMask = 2147483647;
			files = (
				CF4387F42C31DACD00D3DBE8 /* SignUpResponse.swift in Sources */,
				CF070F2B2C2CE4AB0008D66B /* HabitApp.swift in Sources */,
				CF070F572C2E11A70008D66B /* HomeViewModel.swift in Sources */,
				CF070F3C2C2CE57E0008D66B /* SplashView.swift in Sources */,
				CF070F742C2F6BBF0008D66B /* LoadingButtonView.swift in Sources */,
				CF070F722C2F68680008D66B /* String+Extension.swift in Sources */,
				CF4387F82C31EA0F00D3DBE8 /* SignInRequest.swift in Sources */,
				CF070F682C2F35BB0008D66B /* SignUpViewRouter.swift in Sources */,
				CF070F492C2DEFBC0008D66B /* SignInViewModel.swift in Sources */,
				CF070F5C2C2E19400008D66B /* SignUpView.swift in Sources */,
				CF070F552C2E119B0008D66B /* HomeView.swift in Sources */,
				CF070F922C30ADFF0008D66B /* WebService.swift in Sources */,
				CF070F4F2C2E11160008D66B /* SignInViewRouter.swift in Sources */,
				CF070F6F2C2F642A0008D66B /* CustomTextField.swift in Sources */,
				CF070F662C2F35170008D66B /* SignUpViewModel.swift in Sources */,
				CF070F3E2C2CE7240008D66B /* SplashUiState.swift in Sources */,
				CF4387F62C31DD9700D3DBE8 /* ErrorResponse.swift in Sources */,
				CF070F622C2F2F500008D66B /* Gender.swift in Sources */,
				CF070F642C2F34A30008D66B /* SignUpUiState.swift in Sources */,
				CF070F412C2CF5590008D66B /* SplashViewModel.swift in Sources */,
				CF070F4D2C2E0C530008D66B /* SignInUiState.swift in Sources */,
				CF070F6B2C2F5ADD0008D66B /* EditTextView.swift in Sources */,
				CF4387FC2C31F41600D3DBE8 /* SignInError.swift in Sources */,
				CF4387F22C31CCFC00D3DBE8 /* SignUpRequest.swift in Sources */,
				CF070F4B2C2DF0CD0008D66B /* SplashViewRouter.swift in Sources */,
				CF4387FA2C31EAFB00D3DBE8 /* SignInResponse.swift in Sources */,
				CF070F472C2DEF8F0008D66B /* SignInView.swift in Sources */,
			);
			runOnlyForDeploymentPostprocessing = 0;
		};
/* End PBXSourcesBuildPhase section */

/* Begin XCBuildConfiguration section */
		CF070F332C2CE4AC0008D66B /* Debug */ = {
			isa = XCBuildConfiguration;
			buildSettings = {
				ALWAYS_SEARCH_USER_PATHS = NO;
				ASSETCATALOG_COMPILER_GENERATE_SWIFT_ASSET_SYMBOL_EXTENSIONS = YES;
				CLANG_ANALYZER_NONNULL = YES;
				CLANG_ANALYZER_NUMBER_OBJECT_CONVERSION = YES_AGGRESSIVE;
				CLANG_CXX_LANGUAGE_STANDARD = "gnu++20";
				CLANG_ENABLE_MODULES = YES;
				CLANG_ENABLE_OBJC_ARC = YES;
				CLANG_ENABLE_OBJC_WEAK = YES;
				CLANG_WARN_BLOCK_CAPTURE_AUTORELEASING = YES;
				CLANG_WARN_BOOL_CONVERSION = YES;
				CLANG_WARN_COMMA = YES;
				CLANG_WARN_CONSTANT_CONVERSION = YES;
				CLANG_WARN_DEPRECATED_OBJC_IMPLEMENTATIONS = YES;
				CLANG_WARN_DIRECT_OBJC_ISA_USAGE = YES_ERROR;
				CLANG_WARN_DOCUMENTATION_COMMENTS = YES;
				CLANG_WARN_EMPTY_BODY = YES;
				CLANG_WARN_ENUM_CONVERSION = YES;
				CLANG_WARN_INFINITE_RECURSION = YES;
				CLANG_WARN_INT_CONVERSION = YES;
				CLANG_WARN_NON_LITERAL_NULL_CONVERSION = YES;
				CLANG_WARN_OBJC_IMPLICIT_RETAIN_SELF = YES;
				CLANG_WARN_OBJC_LITERAL_CONVERSION = YES;
				CLANG_WARN_OBJC_ROOT_CLASS = YES_ERROR;
				CLANG_WARN_QUOTED_INCLUDE_IN_FRAMEWORK_HEADER = YES;
				CLANG_WARN_RANGE_LOOP_ANALYSIS = YES;
				CLANG_WARN_STRICT_PROTOTYPES = YES;
				CLANG_WARN_SUSPICIOUS_MOVE = YES;
				CLANG_WARN_UNGUARDED_AVAILABILITY = YES_AGGRESSIVE;
				CLANG_WARN_UNREACHABLE_CODE = YES;
				CLANG_WARN__DUPLICATE_METHOD_MATCH = YES;
				COPY_PHASE_STRIP = NO;
				DEBUG_INFORMATION_FORMAT = dwarf;
				ENABLE_STRICT_OBJC_MSGSEND = YES;
				ENABLE_TESTABILITY = YES;
				ENABLE_USER_SCRIPT_SANDBOXING = YES;
				GCC_C_LANGUAGE_STANDARD = gnu17;
				GCC_DYNAMIC_NO_PIC = NO;
				GCC_NO_COMMON_BLOCKS = YES;
				GCC_OPTIMIZATION_LEVEL = 0;
				GCC_PREPROCESSOR_DEFINITIONS = (
					"DEBUG=1",
					"$(inherited)",
				);
				GCC_WARN_64_TO_32_BIT_CONVERSION = YES;
				GCC_WARN_ABOUT_RETURN_TYPE = YES_ERROR;
				GCC_WARN_UNDECLARED_SELECTOR = YES;
				GCC_WARN_UNINITIALIZED_AUTOS = YES_AGGRESSIVE;
				GCC_WARN_UNUSED_FUNCTION = YES;
				GCC_WARN_UNUSED_VARIABLE = YES;
				IPHONEOS_DEPLOYMENT_TARGET = 17.5;
				LOCALIZATION_PREFERS_STRING_CATALOGS = YES;
				MTL_ENABLE_DEBUG_INFO = INCLUDE_SOURCE;
				MTL_FAST_MATH = YES;
				ONLY_ACTIVE_ARCH = YES;
				SDKROOT = iphoneos;
				SWIFT_ACTIVE_COMPILATION_CONDITIONS = "DEBUG $(inherited)";
				SWIFT_OPTIMIZATION_LEVEL = "-Onone";
			};
			name = Debug;
		};
		CF070F342C2CE4AC0008D66B /* Release */ = {
			isa = XCBuildConfiguration;
			buildSettings = {
				ALWAYS_SEARCH_USER_PATHS = NO;
				ASSETCATALOG_COMPILER_GENERATE_SWIFT_ASSET_SYMBOL_EXTENSIONS = YES;
				CLANG_ANALYZER_NONNULL = YES;
				CLANG_ANALYZER_NUMBER_OBJECT_CONVERSION = YES_AGGRESSIVE;
				CLANG_CXX_LANGUAGE_STANDARD = "gnu++20";
				CLANG_ENABLE_MODULES = YES;
				CLANG_ENABLE_OBJC_ARC = YES;
				CLANG_ENABLE_OBJC_WEAK = YES;
				CLANG_WARN_BLOCK_CAPTURE_AUTORELEASING = YES;
				CLANG_WARN_BOOL_CONVERSION = YES;
				CLANG_WARN_COMMA = YES;
				CLANG_WARN_CONSTANT_CONVERSION = YES;
				CLANG_WARN_DEPRECATED_OBJC_IMPLEMENTATIONS = YES;
				CLANG_WARN_DIRECT_OBJC_ISA_USAGE = YES_ERROR;
				CLANG_WARN_DOCUMENTATION_COMMENTS = YES;
				CLANG_WARN_EMPTY_BODY = YES;
				CLANG_WARN_ENUM_CONVERSION = YES;
				CLANG_WARN_INFINITE_RECURSION = YES;
				CLANG_WARN_INT_CONVERSION = YES;
				CLANG_WARN_NON_LITERAL_NULL_CONVERSION = YES;
				CLANG_WARN_OBJC_IMPLICIT_RETAIN_SELF = YES;
				CLANG_WARN_OBJC_LITERAL_CONVERSION = YES;
				CLANG_WARN_OBJC_ROOT_CLASS = YES_ERROR;
				CLANG_WARN_QUOTED_INCLUDE_IN_FRAMEWORK_HEADER = YES;
				CLANG_WARN_RANGE_LOOP_ANALYSIS = YES;
				CLANG_WARN_STRICT_PROTOTYPES = YES;
				CLANG_WARN_SUSPICIOUS_MOVE = YES;
				CLANG_WARN_UNGUARDED_AVAILABILITY = YES_AGGRESSIVE;
				CLANG_WARN_UNREACHABLE_CODE = YES;
				CLANG_WARN__DUPLICATE_METHOD_MATCH = YES;
				COPY_PHASE_STRIP = NO;
				DEBUG_INFORMATION_FORMAT = "dwarf-with-dsym";
				ENABLE_NS_ASSERTIONS = NO;
				ENABLE_STRICT_OBJC_MSGSEND = YES;
				ENABLE_USER_SCRIPT_SANDBOXING = YES;
				GCC_C_LANGUAGE_STANDARD = gnu17;
				GCC_NO_COMMON_BLOCKS = YES;
				GCC_WARN_64_TO_32_BIT_CONVERSION = YES;
				GCC_WARN_ABOUT_RETURN_TYPE = YES_ERROR;
				GCC_WARN_UNDECLARED_SELECTOR = YES;
				GCC_WARN_UNINITIALIZED_AUTOS = YES_AGGRESSIVE;
				GCC_WARN_UNUSED_FUNCTION = YES;
				GCC_WARN_UNUSED_VARIABLE = YES;
				IPHONEOS_DEPLOYMENT_TARGET = 17.5;
				LOCALIZATION_PREFERS_STRING_CATALOGS = YES;
				MTL_ENABLE_DEBUG_INFO = NO;
				MTL_FAST_MATH = YES;
				SDKROOT = iphoneos;
				SWIFT_COMPILATION_MODE = wholemodule;
				VALIDATE_PRODUCT = YES;
			};
			name = Release;
		};
		CF070F362C2CE4AC0008D66B /* Debug */ = {
			isa = XCBuildConfiguration;
			buildSettings = {
				ASSETCATALOG_COMPILER_APPICON_NAME = AppIcon;
				ASSETCATALOG_COMPILER_GLOBAL_ACCENT_COLOR_NAME = AccentColor;
				CODE_SIGN_STYLE = Automatic;
				CURRENT_PROJECT_VERSION = 1;
				DEVELOPMENT_ASSET_PATHS = "\"Habit/Preview Content\"";
				ENABLE_PREVIEWS = YES;
				GENERATE_INFOPLIST_FILE = YES;
				INFOPLIST_KEY_UIApplicationSceneManifest_Generation = YES;
				INFOPLIST_KEY_UIApplicationSupportsIndirectInputEvents = YES;
				INFOPLIST_KEY_UILaunchScreen_Generation = YES;
				INFOPLIST_KEY_UISupportedInterfaceOrientations_iPad = "UIInterfaceOrientationPortrait UIInterfaceOrientationPortraitUpsideDown UIInterfaceOrientationLandscapeLeft UIInterfaceOrientationLandscapeRight";
				INFOPLIST_KEY_UISupportedInterfaceOrientations_iPhone = "UIInterfaceOrientationPortrait UIInterfaceOrientationLandscapeLeft UIInterfaceOrientationLandscapeRight";
				LD_RUNPATH_SEARCH_PATHS = (
					"$(inherited)",
					"@executable_path/Frameworks",
				);
				MARKETING_VERSION = 1.0;
				PRODUCT_BUNDLE_IDENTIFIER = jamersonmacedo.Habit;
				PRODUCT_NAME = "$(TARGET_NAME)";
				SWIFT_EMIT_LOC_STRINGS = YES;
				SWIFT_VERSION = 5.0;
				TARGETED_DEVICE_FAMILY = "1,2";
			};
			name = Debug;
		};
		CF070F372C2CE4AC0008D66B /* Release */ = {
			isa = XCBuildConfiguration;
			buildSettings = {
				ASSETCATALOG_COMPILER_APPICON_NAME = AppIcon;
				ASSETCATALOG_COMPILER_GLOBAL_ACCENT_COLOR_NAME = AccentColor;
				CODE_SIGN_STYLE = Automatic;
				CURRENT_PROJECT_VERSION = 1;
				DEVELOPMENT_ASSET_PATHS = "\"Habit/Preview Content\"";
				ENABLE_PREVIEWS = YES;
				GENERATE_INFOPLIST_FILE = YES;
				INFOPLIST_KEY_UIApplicationSceneManifest_Generation = YES;
				INFOPLIST_KEY_UIApplicationSupportsIndirectInputEvents = YES;
				INFOPLIST_KEY_UILaunchScreen_Generation = YES;
				INFOPLIST_KEY_UISupportedInterfaceOrientations_iPad = "UIInterfaceOrientationPortrait UIInterfaceOrientationPortraitUpsideDown UIInterfaceOrientationLandscapeLeft UIInterfaceOrientationLandscapeRight";
				INFOPLIST_KEY_UISupportedInterfaceOrientations_iPhone = "UIInterfaceOrientationPortrait UIInterfaceOrientationLandscapeLeft UIInterfaceOrientationLandscapeRight";
				LD_RUNPATH_SEARCH_PATHS = (
					"$(inherited)",
					"@executable_path/Frameworks",
				);
				MARKETING_VERSION = 1.0;
				PRODUCT_BUNDLE_IDENTIFIER = jamersonmacedo.Habit;
				PRODUCT_NAME = "$(TARGET_NAME)";
				SWIFT_EMIT_LOC_STRINGS = YES;
				SWIFT_VERSION = 5.0;
				TARGETED_DEVICE_FAMILY = "1,2";
			};
			name = Release;
		};
/* End XCBuildConfiguration section */

/* Begin XCConfigurationList section */
		CF070F222C2CE4AB0008D66B /* Build configuration list for PBXProject "Habit" */ = {
			isa = XCConfigurationList;
			buildConfigurations = (
				CF070F332C2CE4AC0008D66B /* Debug */,
				CF070F342C2CE4AC0008D66B /* Release */,
			);
			defaultConfigurationIsVisible = 0;
			defaultConfigurationName = Release;
		};
		CF070F352C2CE4AC0008D66B /* Build configuration list for PBXNativeTarget "Habit" */ = {
			isa = XCConfigurationList;
			buildConfigurations = (
				CF070F362C2CE4AC0008D66B /* Debug */,
				CF070F372C2CE4AC0008D66B /* Release */,
			);
			defaultConfigurationIsVisible = 0;
			defaultConfigurationName = Release;
		};
/* End XCConfigurationList section */
	};
	rootObject = CF070F1F2C2CE4AB0008D66B /* Project object */;
}
